
Microsoft Visual Studio Solution File, Format Version 12.00
# Visual Studio Version 17
VisualStudioVersion = 17.7.34031.279
MinimumVisualStudioVersion = 10.0.40219.1
Project("{FAE04EC0-301F-11D3-BF4B-00C04F79EFBC}") = "CRUD", "CRUD.csproj", "{F38A7ABD-3720-43ED-8604-6D2F07AF89FE}"
EndProject
Global
	GlobalSection(SolutionConfigurationPlatforms) = preSolution
		Debug|Any CPU = Debug|Any CPU
		Release|Any CPU = Release|Any CPU
	EndGlobalSection
	GlobalSection(ProjectConfigurationPlatforms) = postSolution
		{F38A7ABD-3720-43ED-8604-6D2F07AF89FE}.Debug|Any CPU.ActiveCfg = Debug|Any CPU
		{F38A7ABD-3720-43ED-8604-6D2F07AF89FE}.Debug|Any CPU.Build.0 = Debug|Any CPU
		{F38A7ABD-3720-43ED-8604-6D2F07AF89FE}.Release|Any CPU.ActiveCfg = Release|Any CPU
		{F38A7ABD-3720-43ED-8604-6D2F07AF89FE}.Release|Any CPU.Build.0 = Release|Any CPU
	EndGlobalSection
	GlobalSection(SolutionProperties) = preSolution
		HideSolutionNode = FALSE
	EndGlobalSection
	GlobalSection(ExtensibilityGlobals) = postSolution
		SolutionGuid = {DFE86C3D-D610-4EAE-A54D-A0D1B426E604}
	EndGlobalSection
EndGlobal
